#MicroXplorer Configuration settings - do not modify
Mcu.Family=STM32F4
ProjectManager.MainLocation=Core/Src
PA6.Mode=Full_Duplex_Master
USB_DEVICE.CLASS_NAME_FS=AUDIO
PH0-OSC_IN.Signal=RCC_OSC_IN
RCC.CortexFreq_Value=180000000
FATFS._USE_LFN=3
NVIC.I2C1_EV_IRQn=true\:0\:0\:false\:false\:true\:true\:true
ProjectManager.KeepUserCode=true
Mcu.UserName=STM32F446RCTx
SPI1.VirtualType=VM_MASTER
PC12.Locked=true
Dma.SAI1_B.0.MemInc=DMA_MINC_ENABLE
PC10.Locked=true
RCC.PLLCLKFreq_Value=180000000
PC12.Signal=GPXTI12
PC10.Signal=GPXTI10
RCC.PLLQCLKFreq_Value=45000000
PC5.Locked=true
ProjectManager.functionlistsort=1-MX_GPIO_Init-GPIO-false-HAL-true,2-MX_DMA_Init-DMA-false-HAL-true,3-SystemClock_Config-RCC-false-HAL-false,4-MX_SAI1_Init-SAI1-false-HAL-true,5-MX_SPI1_Init-SPI1-false-HAL-true,6-MX_FATFS_Init-FATFS-false-HAL-false,7-MX_I2C1_Init-I2C1-false-HAL-true,8-MX_USB_DEVICE_Init-USB_DEVICE-false-HAL-false
Dma.SAI1_B.0.FIFOThreshold=DMA_FIFO_THRESHOLD_FULL
PA11.Mode=Device_Only
SAI1.VirtualMode-SAI_B_MasterWithClock=VM_MASTER
RCC.PLLI2SRCLKFreq_Value=48000000
PD2.Locked=true
PD2.GPIOParameters=GPIO_Label
RCC.SAIAFreq_Value=12288000
PinOutPanel.RotationAngle=0
RCC.SYSCLKSource=RCC_SYSCLKSOURCE_PLLCLK
SAI1.RealAudioFreq-SAI_B_MasterWithClock=48.0 KHz
ProjectManager.StackSize=0x400
USB_DEVICE.PID_AUDIO_FS=12345
Mcu.IP4=RCC
RCC.FCLKCortexFreq_Value=180000000
Mcu.IP5=SAI1
Mcu.IP2=I2C1
NVIC.SVCall_IRQn=true\:0\:0\:false\:false\:true\:false\:false
Mcu.IP3=NVIC
PA15.GPIO_Label=VOL_D
Mcu.IP0=DMA
Mcu.IP1=FATFS
PA12.Signal=USB_OTG_FS_DP
SPI1.CLKPolarity=SPI_POLARITY_HIGH
Mcu.UserConstants=
Mcu.ThirdPartyNb=0
PA15.GPIO_ModeDefaultEXTI=GPIO_MODE_IT_RISING
RCC.SDIOFreq_Value=48000000
SPI1.Direction=SPI_DIRECTION_2LINES
RCC.HCLKFreq_Value=180000000
Mcu.IPNb=10
ProjectManager.PreviousToolchain=
RCC.APB2TimFreq_Value=180000000
PB6.Signal=I2C1_SCL
RCC.SPDIFRXFreq_Value=180000000
VP_SAI1_VP_$IpInstance_SAIB_SAI_BASIC.Signal=SAI1_VP_$IpInstance_SAIB_SAI_BASIC
PB6.Mode=I2C
SPI1.CalculateBaudRate=351.562 KBits/s
Mcu.Pin6=PA4
Mcu.Pin7=PA5
Mcu.Pin8=PA6
Mcu.Pin9=PA7
RCC.VCOSAIOutputFreq_Value=192000000
RCC.AHBFreq_Value=180000000
PH0-OSC_IN.Mode=HSE-External-Oscillator
Mcu.Pin0=PC14-OSC32_IN
Mcu.Pin1=PC15-OSC32_OUT
GPIO.groupedBy=Group By Peripherals
Mcu.Pin2=PH0-OSC_IN
Mcu.Pin3=PH1-OSC_OUT
SAI1.ErrorAudioFreq-SAI_B_MasterWithClock=0.0 %
Mcu.Pin4=PC0
NVIC.EXTI15_10_IRQn=true\:0\:0\:false\:false\:true\:true\:true
Mcu.Pin5=PC2
ProjectManager.ProjectBuild=false
RCC.HSE_VALUE=8000000
NVIC.UsageFault_IRQn=true\:0\:0\:false\:false\:true\:false\:false
NVIC.DebugMonitor_IRQn=true\:0\:0\:false\:false\:true\:false\:false
PA4.Locked=true
NVIC.SysTick_IRQn=true\:0\:0\:false\:false\:true\:false\:true
SH.GPXTI12.0=GPIO_EXTI12
PC10.GPIO_ModeDefaultEXTI=GPIO_MODE_IT_RISING
ProjectManager.FirmwarePackage=STM32Cube FW_F4 V1.26.2
MxDb.Version=DB.6.0.21
Dma.SAI1_B.0.PeriphInc=DMA_PINC_DISABLE
ProjectManager.BackupPrevious=false
PC14-OSC32_IN.Mode=LSE-External-Oscillator
RCC.VCOInputFreq_Value=2000000
PC4.GPIO_Label=SHUTDOWN
PC11.GPIO_Label=PREV
File.Version=6
PC9.Mode=Audio_ClockIn
PB7.Signal=I2C1_SDA
RCC.PLLRCLKFreq_Value=180000000
SH.GPXTI11.ConfNb=1
NVIC.PendSV_IRQn=true\:0\:0\:false\:false\:true\:false\:false
Dma.SAI1_B.0.MemBurst=DMA_MBURST_INC8
NVIC.I2C1_ER_IRQn=true\:0\:0\:false\:false\:true\:true\:true
Dma.RequestsNb=1
RCC.PLLI2SoutputFreq_Value=48000000
ProjectManager.HalAssertFull=false
ProjectManager.ProjectName=Sound-20D01MB_Player
FATFS._USE_LABEL=1
PH1-OSC_OUT.Mode=HSE-External-Oscillator
RCC.MCO2PinFreq_Value=180000000
USB_DEVICE.PRODUCT_STRING_AUDIO_FS=Sound-20D01
Mcu.Package=LQFP64
PB9.Signal=SAI1_FS_B
PA6.Signal=SPI1_MISO
PB12.Mode=SAI_B_MasterWithClock
SH.GPXTI11.0=GPIO_EXTI11
VP_FATFS_VS_Generic.Signal=FATFS_VS_Generic
RCC.I2S2Freq_Value=48000000
PA14.Locked=true
NVIC.OTG_FS_IRQn=true\:0\:0\:false\:false\:true\:false\:true
ProjectManager.ToolChainLocation=
VP_SYS_VS_Systick.Signal=SYS_VS_Systick
USB_OTG_FS.VirtualMode=Device_Only
PA15.Signal=GPXTI15
SAI1.Instance-SAI_B_MasterWithClock=SAI$Index_Block_B
RCC.PLLSAIN=96
RCC.PLLSAIM=4
RCC.PLLSAIP=RCC_PLLSAIP_DIV4
Dma.SAI1_B.0.Mode=DMA_NORMAL
RCC.APB2CLKDivider=RCC_HCLK_DIV2
Dma.SAI1_B.0.FIFOMode=DMA_FIFOMODE_ENABLE
RCC.CECFreq_Value=32786.88524590164
RCC.APB1TimFreq_Value=90000000
NVIC.BusFault_IRQn=true\:0\:0\:false\:false\:true\:false\:false
PC4.Locked=true
Dma.SAI1_B.0.Instance=DMA2_Stream5
PC5.Signal=GPIO_Output
USB_OTG_FS.IPParameters=VirtualMode
RCC.SAIBFreq_Value=96000000
SAI1.MClockEnable-SAI_B_MasterWithClock=SAI_MASTERCLOCK_ENABLE
Dma.Request0=SAI1_B
SPI1.BaudRatePrescaler=SPI_BAUDRATEPRESCALER_256
Dma.SAI1_B.0.RequestParameters=Instance,Direction,PeriphInc,MemInc,PeriphDataAlignment,MemDataAlignment,Mode,Priority,FIFOMode,FIFOThreshold,MemBurst,PeriphBurst
PA4.GPIO_Label=SD_CS
PC2.GPIO_Label=I2S_OSC_EN
ProjectManager.CustomerFirmwarePackage=
PC4.GPIOParameters=GPIO_Label
PC12.GPIO_ModeDefaultEXTI=GPIO_MODE_IT_RISING
RCC.PLLSAIQCLKFreq_Value=96000000
USB_DEVICE.USBD_AUDIO_FREQ-AUDIO_FS=48000
PB3.Locked=true
PA5.Mode=Full_Duplex_Master
SH.GPXTI10.0=GPIO_EXTI10
RCC.PLLSourceVirtual=RCC_PLLSOURCE_HSE
PC15-OSC32_OUT.Mode=LSE-External-Oscillator
Dma.SAI1_B.0.MemDataAlignment=DMA_MDATAALIGN_HALFWORD
Dma.SAI1_B.0.PeriphDataAlignment=DMA_PDATAALIGN_HALFWORD
ProjectManager.ProjectFileName=Sound-20D01MB_Player.ioc
PA7.Mode=Full_Duplex_Master
USB_DEVICE.VirtualMode-AUDIO_FS=Audio
PA15.GPIOParameters=GPIO_Label,GPIO_ModeDefaultEXTI
PC10.GPIO_Label=VOL_U
Mcu.PinsNb=32
ProjectManager.NoMain=false
PC11.Locked=true
SPI1.IPParameters=VirtualType,Mode,Direction,CalculateBaudRate,BaudRatePrescaler,CLKPolarity
USB_DEVICE.VirtualModeFS=Audio_FS
RCC.SAIACLockSelection=RCC_SAI1CLKSOURCE_EXT
Dma.SAI1_B.0.PeriphBurst=DMA_PBURST_SINGLE
PC11.Signal=GPXTI11
RCC.FMPI2C1Freq_Value=45000000
RCC.VCOI2SInputFreq_Value=500000
PC2.Signal=GPIO_Output
PC4.Signal=GPIO_Output
ProjectManager.DefaultFWLocation=true
ProjectManager.DeletePrevious=true
PC0.Signal=SAI1_MCLK_B
RCC.APB1CLKDivider=RCC_HCLK_DIV4
PC14-OSC32_IN.Signal=RCC_OSC32_IN
PC11.GPIOParameters=GPIO_Label,GPIO_ModeDefaultEXTI
USB_DEVICE.IPParameters=VirtualMode-AUDIO_FS,VirtualModeFS,CLASS_NAME_FS,PID_AUDIO_FS,PRODUCT_STRING_AUDIO_FS,USBD_AUDIO_FREQ-AUDIO_FS
RCC.FamilyName=M
PC0.Mode=SAI_B_MasterWithClock
PC12.GPIOParameters=GPIO_Label,GPIO_ModeDefaultEXTI
FATFS.IPParameters=_USE_FIND,_USE_LABEL,_USE_LFN
PA13.Signal=SYS_JTMS-SWDIO
Dma.SAI1_B.0.Priority=DMA_PRIORITY_LOW
PA15.Locked=true
PA9.Mode=SAI_B_MasterWithClock
ProjectManager.TargetToolchain=STM32CubeIDE
SAI1.BasicProtocol-SAI_B_MasterWithClock=SAI_I2S_STANDARD
Dma.SAI1_B.0.Direction=DMA_MEMORY_TO_PERIPH
PB9.Mode=SAI_B_MasterWithClock
PC5.GPIOParameters=GPIO_Label
PA9.Signal=SAI1_SD_B
RCC.I2S1Freq_Value=48000000
SH.GPXTI12.ConfNb=1
PC2.Locked=true
ProjectManager.RegisterCallBack=
RCC.USBFreq_Value=48000000
RCC.PLLSAIoutputFreq_Value=48000000
PC15-OSC32_OUT.Signal=RCC_OSC32_OUT
VP_FATFS_VS_Generic.Mode=User_defined
VP_SAI1_VP_$IpInstance_SAIB_SAI_BASIC.Mode=SAI_B_BASIC
RCC.VCOI2SOutputFreq_Value=96000000
RCC.USBCLockSelection=RCC_CLK48CLKSOURCE_PLLSAIP
PA5.Signal=SPI1_SCK
RCC.PLLSAIPCLKFreq_Value=48000000
board=custom
SAI1.IPParameters=Instance-SAI_B_MasterWithClock,VirtualMode-SAI_B_MasterWithClock,MClockEnable-SAI_B_MasterWithClock,RealAudioFreq-SAI_B_MasterWithClock,ErrorAudioFreq-SAI_B_MasterWithClock,InitProtocol-SAI_B_MasterWithClock,VirtualProtocol-SAI_B_BASIC,AudioFrequency-SAI_B_MasterWithClock,BasicProtocol-SAI_B_MasterWithClock
RCC.VCOOutputFreq_Value=360000000
ProjectManager.LastFirmware=true
RCC.APB2Freq_Value=90000000
MxCube.Version=6.2.1
PC11.GPIO_ModeDefaultEXTI=GPIO_MODE_IT_RISING
RCC.PLLI2SPCLKFreq_Value=48000000
SPI1.Mode=SPI_MODE_MASTER
PC2.GPIOParameters=GPIO_Label
Mcu.Pin30=VP_SYS_VS_Systick
NVIC.DMA2_Stream5_IRQn=true\:0\:0\:false\:false\:true\:false\:true
VP_SYS_VS_Systick.Mode=SysTick
PH1-OSC_OUT.Signal=RCC_OSC_OUT
Mcu.Pin31=VP_USB_DEVICE_VS_USB_DEVICE_AUDIO_FS
NVIC.NonMaskableInt_IRQn=true\:0\:0\:false\:false\:true\:false\:false
PA4.GPIOParameters=GPIO_Label
PC10.GPIOParameters=GPIO_Label,GPIO_ModeDefaultEXTI
VP_USB_DEVICE_VS_USB_DEVICE_AUDIO_FS.Signal=USB_DEVICE_VS_USB_DEVICE_AUDIO_FS
VP_USB_DEVICE_VS_USB_DEVICE_AUDIO_FS.Mode=AUDIO_FS
FATFS._USE_FIND=1
ProjectManager.FreePins=false
RCC.IPParameters=AHBFreq_Value,APB1CLKDivider,APB1Freq_Value,APB1TimFreq_Value,APB2CLKDivider,APB2Freq_Value,APB2TimFreq_Value,CECFreq_Value,CortexFreq_Value,FCLKCortexFreq_Value,FMPI2C1Freq_Value,FamilyName,HCLKFreq_Value,HSE_VALUE,I2S1Freq_Value,I2S2Freq_Value,MCO2PinFreq_Value,PLLCLKFreq_Value,PLLI2SPCLKFreq_Value,PLLI2SQCLKFreq_Value,PLLI2SRCLKFreq_Value,PLLI2SoutputFreq_Value,PLLM,PLLN,PLLQ,PLLQCLKFreq_Value,PLLRCLKFreq_Value,PLLSAIM,PLLSAIN,PLLSAIP,PLLSAIPCLKFreq_Value,PLLSAIQCLKFreq_Value,PLLSAIoutputFreq_Value,PLLSourceVirtual,PWRFreq_Value,SAIACLockSelection,SAIAFreq_Value,SAIBFreq_Value,SDIOFreq_Value,SPDIFRXFreq_Value,SYSCLKFreq_VALUE,SYSCLKSource,USBCLockSelection,USBFreq_Value,VCOI2SInputFreq_Value,VCOI2SOutputFreq_Value,VCOInputFreq_Value,VCOOutputFreq_Value,VCOSAIInputFreq_Value,VCOSAIOutputFreq_Value
ProjectManager.AskForMigrate=true
Mcu.Name=STM32F446R(C-E)Tx
RCC.PLLI2SQCLKFreq_Value=48000000
Mcu.Pin26=PB7
Mcu.Pin27=PB9
Mcu.Pin24=PB3
ProjectManager.UnderRoot=true
Mcu.Pin25=PB6
Mcu.IP8=USB_DEVICE
Mcu.IP9=USB_OTG_FS
Mcu.Pin28=VP_FATFS_VS_Generic
Mcu.IP6=SPI1
Mcu.Pin29=VP_SAI1_VP_$IpInstance_SAIB_SAI_BASIC
RCC.VCOSAIInputFreq_Value=2000000
Mcu.IP7=SYS
ProjectManager.CoupleFile=false
PB3.Signal=SYS_JTDO-SWO
PA4.Signal=GPIO_Output
RCC.SYSCLKFreq_VALUE=180000000
Mcu.Pin22=PC12
Mcu.Pin23=PD2
Mcu.Pin20=PC10
Mcu.Pin21=PC11
PA12.Mode=Device_Only
NVIC.ForceEnableDMAVector=true
KeepUserPlacement=false
SAI1.AudioFrequency-SAI_B_MasterWithClock=SAI_AUDIO_FREQUENCY_48K
PC5.GPIO_Label=MUTE
NVIC.MemoryManagement_IRQn=true\:0\:0\:false\:false\:true\:false\:false
PC12.GPIO_Label=NEXT
PA13.Locked=true
ProjectManager.CompilerOptimize=6
PB7.Mode=I2C
PA11.Signal=USB_OTG_FS_DM
PA14.Signal=SYS_JTCK-SWCLK
ProjectManager.HeapSize=0x200
Mcu.Pin15=PA11
NVIC.HardFault_IRQn=true\:0\:0\:false\:false\:true\:false\:false
Mcu.Pin16=PA12
Mcu.Pin13=PC9
Mcu.Pin14=PA9
Mcu.Pin19=PA15
SH.GPXTI15.ConfNb=1
ProjectManager.ComputerToolchain=false
Mcu.Pin17=PA13
Mcu.Pin18=PA14
RCC.PLLQ=8
SAI1.VirtualProtocol-SAI_B_BASIC=VM_BASIC_PROTOCOL
NVIC.PriorityGroup=NVIC_PRIORITYGROUP_4
SH.GPXTI15.0=GPIO_EXTI15
Mcu.Pin11=PC5
Mcu.Pin12=PB12
RCC.PLLM=4
RCC.PLLN=180
Mcu.Pin10=PC4
SH.GPXTI10.ConfNb=1
RCC.PWRFreq_Value=180000000
PC9.Signal=I2S_CKIN
PD2.Signal=GPIO_Input
SAI1.InitProtocol-SAI_B_MasterWithClock=Enable
RCC.APB1Freq_Value=45000000
ProjectManager.DeviceId=STM32F446RCTx
PB12.Signal=SAI1_SCK_B
PD2.GPIO_Label=UBB_MODE
ProjectManager.LibraryCopy=1
PA7.Signal=SPI1_MOSI
isbadioc=false
